
Microsoft Visual Studio Solution File, Format Version 12.00
# Visual Studio 2013
VisualStudioVersion = 12.0.31101.0
MinimumVisualStudioVersion = 10.0.40219.1
Project("{FAE04EC0-301F-11D3-BF4B-00C04F79EFBC}") = "As24WebServicesTest", "As24WebServicesTest\As24WebServicesTest.csproj", "{C059035C-E3BE-4D61-B005-87772B9352F2}"
EndProject
Project("{FAE04EC0-301F-11D3-BF4B-00C04F79EFBC}") = "test2", "test2\test2.csproj", "{446EDA43-C1D1-44D4-A0F0-C5C3F0D70C77}"
EndProject
Global
	GlobalSection(SolutionConfigurationPlatforms) = preSolution
		Debug|Any CPU = Debug|Any CPU
		Release|Any CPU = Release|Any CPU
	EndGlobalSection
	GlobalSection(ProjectConfigurationPlatforms) = postSolution
		{C059035C-E3BE-4D61-B005-87772B9352F2}.Debug|Any CPU.ActiveCfg = Debug|Any CPU
		{C059035C-E3BE-4D61-B005-87772B9352F2}.Debug|Any CPU.Build.0 = Debug|Any CPU
		{C059035C-E3BE-4D61-B005-87772B9352F2}.Release|Any CPU.ActiveCfg = Release|Any CPU
		{C059035C-E3BE-4D61-B005-87772B9352F2}.Release|Any CPU.Build.0 = Release|Any CPU
		{446EDA43-C1D1-44D4-A0F0-C5C3F0D70C77}.Debug|Any CPU.ActiveCfg = Debug|Any CPU
		{446EDA43-C1D1-44D4-A0F0-C5C3F0D70C77}.Debug|Any CPU.Build.0 = Debug|Any CPU
		{446EDA43-C1D1-44D4-A0F0-C5C3F0D70C77}.Release|Any CPU.ActiveCfg = Release|Any CPU
		{446EDA43-C1D1-44D4-A0F0-C5C3F0D70C77}.Release|Any CPU.Build.0 = Release|Any CPU
	EndGlobalSection
	GlobalSection(SolutionProperties) = preSolution
		HideSolutionNode = FALSE
	EndGlobalSection
EndGlobal
