
Microsoft Visual Studio Solution File, Format Version 11.00
# Visual Studio 2010
Project("{FAE04EC0-301F-11D3-BF4B-00C04F79EFBC}") = "WebGridCss", "WebGridCss\WebGridCss.csproj", "{9865F241-051E-4AF1-9F29-30C014FA8453}"
EndProject
Global
	GlobalSection(SolutionConfigurationPlatforms) = preSolution
		Debug|Any CPU = Debug|Any CPU
		Release|Any CPU = Release|Any CPU
	EndGlobalSection
	GlobalSection(ProjectConfigurationPlatforms) = postSolution
		{9865F241-051E-4AF1-9F29-30C014FA8453}.Debug|Any CPU.ActiveCfg = Debug|Any CPU
		{9865F241-051E-4AF1-9F29-30C014FA8453}.Debug|Any CPU.Build.0 = Debug|Any CPU
		{9865F241-051E-4AF1-9F29-30C014FA8453}.Release|Any CPU.ActiveCfg = Release|Any CPU
		{9865F241-051E-4AF1-9F29-30C014FA8453}.Release|Any CPU.Build.0 = Release|Any CPU
	EndGlobalSection
	GlobalSection(SolutionProperties) = preSolution
		HideSolutionNode = FALSE
	EndGlobalSection
EndGlobal
