
Microsoft Visual Studio Solution File, Format Version 11.00
# Visual Studio 2010
Project("{FAE04EC0-301F-11D3-BF4B-00C04F79EFBC}") = "ActiveRecordRelations", "ActiveRecordRelations\ActiveRecordRelations.csproj", "{68EBF6F7-6BC8-4362-A006-0B27B8FA28F0}"
EndProject
Project("{FAE04EC0-301F-11D3-BF4B-00C04F79EFBC}") = "ARR.Business", "ARR.Business\ARR.Business.csproj", "{15F3480C-63F2-4C02-BCC5-7026FE05B55E}"
EndProject
Project("{FAE04EC0-301F-11D3-BF4B-00C04F79EFBC}") = "TestProject1", "TestProject1\TestProject1.csproj", "{C9D147C6-9DDD-4DAD-BF5F-0E0DF1E6A180}"
EndProject
Project("{2150E333-8FDC-42A3-9474-1A3956D46DE8}") = "Solution Items", "Solution Items", "{FEDD9B08-4C93-4EEC-B796-F1A865EBA28D}"
	ProjectSection(SolutionItems) = preProject
		ActiveRecordRelations.vsmdi = ActiveRecordRelations.vsmdi
		Local.testsettings = Local.testsettings
		TraceAndTestImpact.testsettings = TraceAndTestImpact.testsettings
	EndProjectSection
EndProject
Global
	GlobalSection(TestCaseManagementSettings) = postSolution
		CategoryFile = ActiveRecordRelations.vsmdi
	EndGlobalSection
	GlobalSection(SolutionConfigurationPlatforms) = preSolution
		Debug|Any CPU = Debug|Any CPU
		Release|Any CPU = Release|Any CPU
	EndGlobalSection
	GlobalSection(ProjectConfigurationPlatforms) = postSolution
		{68EBF6F7-6BC8-4362-A006-0B27B8FA28F0}.Debug|Any CPU.ActiveCfg = Debug|Any CPU
		{68EBF6F7-6BC8-4362-A006-0B27B8FA28F0}.Debug|Any CPU.Build.0 = Debug|Any CPU
		{68EBF6F7-6BC8-4362-A006-0B27B8FA28F0}.Release|Any CPU.ActiveCfg = Release|Any CPU
		{68EBF6F7-6BC8-4362-A006-0B27B8FA28F0}.Release|Any CPU.Build.0 = Release|Any CPU
		{15F3480C-63F2-4C02-BCC5-7026FE05B55E}.Debug|Any CPU.ActiveCfg = Debug|Any CPU
		{15F3480C-63F2-4C02-BCC5-7026FE05B55E}.Debug|Any CPU.Build.0 = Debug|Any CPU
		{15F3480C-63F2-4C02-BCC5-7026FE05B55E}.Release|Any CPU.ActiveCfg = Release|Any CPU
		{15F3480C-63F2-4C02-BCC5-7026FE05B55E}.Release|Any CPU.Build.0 = Release|Any CPU
		{C9D147C6-9DDD-4DAD-BF5F-0E0DF1E6A180}.Debug|Any CPU.ActiveCfg = Debug|Any CPU
		{C9D147C6-9DDD-4DAD-BF5F-0E0DF1E6A180}.Debug|Any CPU.Build.0 = Debug|Any CPU
		{C9D147C6-9DDD-4DAD-BF5F-0E0DF1E6A180}.Release|Any CPU.ActiveCfg = Release|Any CPU
		{C9D147C6-9DDD-4DAD-BF5F-0E0DF1E6A180}.Release|Any CPU.Build.0 = Release|Any CPU
	EndGlobalSection
	GlobalSection(SolutionProperties) = preSolution
		HideSolutionNode = FALSE
	EndGlobalSection
EndGlobal
