
Microsoft Visual Studio Solution File, Format Version 12.00
# Visual Studio 2012
Project("{FAE04EC0-301F-11D3-BF4B-00C04F79EFBC}") = "WorkFlowTest1", "WorkFlowTest1\WorkFlowTest1.csproj", "{6A449DBE-CA1B-45EA-A8FA-2DD96A779093}"
EndProject
Global
	GlobalSection(SolutionConfigurationPlatforms) = preSolution
		Debug|Any CPU = Debug|Any CPU
		Release|Any CPU = Release|Any CPU
	EndGlobalSection
	GlobalSection(ProjectConfigurationPlatforms) = postSolution
		{6A449DBE-CA1B-45EA-A8FA-2DD96A779093}.Debug|Any CPU.ActiveCfg = Debug|Any CPU
		{6A449DBE-CA1B-45EA-A8FA-2DD96A779093}.Debug|Any CPU.Build.0 = Debug|Any CPU
		{6A449DBE-CA1B-45EA-A8FA-2DD96A779093}.Release|Any CPU.ActiveCfg = Release|Any CPU
		{6A449DBE-CA1B-45EA-A8FA-2DD96A779093}.Release|Any CPU.Build.0 = Release|Any CPU
	EndGlobalSection
	GlobalSection(SolutionProperties) = preSolution
		HideSolutionNode = FALSE
	EndGlobalSection
EndGlobal
