
Microsoft Visual Studio Solution File, Format Version 11.00
# Visual Studio 2010
Project("{FAE04EC0-301F-11D3-BF4B-00C04F79EFBC}") = "Mvc4WebApi", "Mvc4WebApi\Mvc4WebApi.csproj", "{C649A3EC-F93A-4E8F-8D88-8D98EE4CA30C}"
EndProject
Global
	GlobalSection(SolutionConfigurationPlatforms) = preSolution
		Debug|Any CPU = Debug|Any CPU
		Release|Any CPU = Release|Any CPU
	EndGlobalSection
	GlobalSection(ProjectConfigurationPlatforms) = postSolution
		{C649A3EC-F93A-4E8F-8D88-8D98EE4CA30C}.Debug|Any CPU.ActiveCfg = Debug|Any CPU
		{C649A3EC-F93A-4E8F-8D88-8D98EE4CA30C}.Debug|Any CPU.Build.0 = Debug|Any CPU
		{C649A3EC-F93A-4E8F-8D88-8D98EE4CA30C}.Release|Any CPU.ActiveCfg = Release|Any CPU
		{C649A3EC-F93A-4E8F-8D88-8D98EE4CA30C}.Release|Any CPU.Build.0 = Release|Any CPU
	EndGlobalSection
	GlobalSection(SolutionProperties) = preSolution
		HideSolutionNode = FALSE
	EndGlobalSection
	GlobalSection(ExtensibilityGlobals) = postSolution
		EnterpriseLibraryConfigurationToolBinariesPath = packages\Unity.2.1.505.2\lib\NET35
	EndGlobalSection
EndGlobal
