
Microsoft Visual Studio Solution File, Format Version 11.00
# Visual Studio 2010
Project("{FAE04EC0-301F-11D3-BF4B-00C04F79EFBC}") = "Json.netXmlToJson", "Json.netXmlToJson\Json.netXmlToJson.csproj", "{35486B2A-9F3E-4412-BC9C-3231803258DE}"
EndProject
Global
	GlobalSection(SolutionConfigurationPlatforms) = preSolution
		Debug|Any CPU = Debug|Any CPU
		Release|Any CPU = Release|Any CPU
	EndGlobalSection
	GlobalSection(ProjectConfigurationPlatforms) = postSolution
		{35486B2A-9F3E-4412-BC9C-3231803258DE}.Debug|Any CPU.ActiveCfg = Debug|Any CPU
		{35486B2A-9F3E-4412-BC9C-3231803258DE}.Debug|Any CPU.Build.0 = Debug|Any CPU
		{35486B2A-9F3E-4412-BC9C-3231803258DE}.Release|Any CPU.ActiveCfg = Release|Any CPU
		{35486B2A-9F3E-4412-BC9C-3231803258DE}.Release|Any CPU.Build.0 = Release|Any CPU
	EndGlobalSection
	GlobalSection(SolutionProperties) = preSolution
		HideSolutionNode = FALSE
	EndGlobalSection
EndGlobal
