
Microsoft Visual Studio Solution File, Format Version 11.00
# Visual Studio 2010
Project("{FAE04EC0-301F-11D3-BF4B-00C04F79EFBC}") = "WebSectionReadTest", "WebSectionReadTest.csproj", "{0EBF1B66-F511-4CFB-9E9F-755ECDF597CD}"
EndProject
Global
	GlobalSection(SolutionConfigurationPlatforms) = preSolution
		Debug|Any CPU = Debug|Any CPU
		Release|Any CPU = Release|Any CPU
	EndGlobalSection
	GlobalSection(ProjectConfigurationPlatforms) = postSolution
		{0EBF1B66-F511-4CFB-9E9F-755ECDF597CD}.Debug|Any CPU.ActiveCfg = Debug|Any CPU
		{0EBF1B66-F511-4CFB-9E9F-755ECDF597CD}.Debug|Any CPU.Build.0 = Debug|Any CPU
		{0EBF1B66-F511-4CFB-9E9F-755ECDF597CD}.Release|Any CPU.ActiveCfg = Release|Any CPU
		{0EBF1B66-F511-4CFB-9E9F-755ECDF597CD}.Release|Any CPU.Build.0 = Release|Any CPU
	EndGlobalSection
	GlobalSection(SolutionProperties) = preSolution
		HideSolutionNode = FALSE
	EndGlobalSection
EndGlobal
