
Microsoft Visual Studio Solution File, Format Version 11.00
# Visual Studio 2010
Project("{FAE04EC0-301F-11D3-BF4B-00C04F79EFBC}") = "NihibernateTest", "NihibernateTest\NihibernateTest.csproj", "{B401A3F0-DF51-43E0-825E-F2A2CA73F719}"
EndProject
Project("{FAE04EC0-301F-11D3-BF4B-00C04F79EFBC}") = "NihibernateTest_Tests", "NihibernateTest_Tests\NihibernateTest_Tests.csproj", "{B5B831EA-F25A-46D1-9EF6-6FA398DEFDDC}"
EndProject
Project("{2150E333-8FDC-42A3-9474-1A3956D46DE8}") = "Solution Items", "Solution Items", "{06F9450A-0D59-49F0-9246-F0BD5D79ABCC}"
	ProjectSection(SolutionItems) = preProject
		Local.testsettings = Local.testsettings
		NihibernateTest.vsmdi = NihibernateTest.vsmdi
		TraceAndTestImpact.testsettings = TraceAndTestImpact.testsettings
	EndProjectSection
EndProject
Global
	GlobalSection(TestCaseManagementSettings) = postSolution
		CategoryFile = NihibernateTest.vsmdi
	EndGlobalSection
	GlobalSection(SolutionConfigurationPlatforms) = preSolution
		Debug|Any CPU = Debug|Any CPU
		Release|Any CPU = Release|Any CPU
	EndGlobalSection
	GlobalSection(ProjectConfigurationPlatforms) = postSolution
		{B401A3F0-DF51-43E0-825E-F2A2CA73F719}.Debug|Any CPU.ActiveCfg = Debug|Any CPU
		{B401A3F0-DF51-43E0-825E-F2A2CA73F719}.Debug|Any CPU.Build.0 = Debug|Any CPU
		{B401A3F0-DF51-43E0-825E-F2A2CA73F719}.Release|Any CPU.ActiveCfg = Release|Any CPU
		{B401A3F0-DF51-43E0-825E-F2A2CA73F719}.Release|Any CPU.Build.0 = Release|Any CPU
		{B5B831EA-F25A-46D1-9EF6-6FA398DEFDDC}.Debug|Any CPU.ActiveCfg = Debug|Any CPU
		{B5B831EA-F25A-46D1-9EF6-6FA398DEFDDC}.Debug|Any CPU.Build.0 = Debug|Any CPU
		{B5B831EA-F25A-46D1-9EF6-6FA398DEFDDC}.Release|Any CPU.ActiveCfg = Release|Any CPU
		{B5B831EA-F25A-46D1-9EF6-6FA398DEFDDC}.Release|Any CPU.Build.0 = Release|Any CPU
	EndGlobalSection
	GlobalSection(SolutionProperties) = preSolution
		HideSolutionNode = FALSE
	EndGlobalSection
EndGlobal
