
Microsoft Visual Studio Solution File, Format Version 11.00
# Visual Studio 2010
Project("{FAE04EC0-301F-11D3-BF4B-00C04F79EFBC}") = "ProductBusiness", "ProductBusiness\ProductBusiness.csproj", "{DB7AE0FD-172E-47D7-9D03-66B5EA0EFA1F}"
EndProject
Project("{FAE04EC0-301F-11D3-BF4B-00C04F79EFBC}") = "ProductContracts", "ProductContracts\ProductContracts.csproj", "{9973513E-456B-4207-AB89-0E92AE0B26F3}"
EndProject
Project("{FAE04EC0-301F-11D3-BF4B-00C04F79EFBC}") = "MvcMef", "MvcMef\MvcMef.csproj", "{99D49364-24C3-4ECE-B2E4-0B596ACDBFF4}"
EndProject
Global
	GlobalSection(SolutionConfigurationPlatforms) = preSolution
		Debug|Any CPU = Debug|Any CPU
		Debug|Mixed Platforms = Debug|Mixed Platforms
		Debug|x86 = Debug|x86
		Release|Any CPU = Release|Any CPU
		Release|Mixed Platforms = Release|Mixed Platforms
		Release|x86 = Release|x86
	EndGlobalSection
	GlobalSection(ProjectConfigurationPlatforms) = postSolution
		{DB7AE0FD-172E-47D7-9D03-66B5EA0EFA1F}.Debug|Any CPU.ActiveCfg = Debug|Any CPU
		{DB7AE0FD-172E-47D7-9D03-66B5EA0EFA1F}.Debug|Any CPU.Build.0 = Debug|Any CPU
		{DB7AE0FD-172E-47D7-9D03-66B5EA0EFA1F}.Debug|Mixed Platforms.ActiveCfg = Debug|Any CPU
		{DB7AE0FD-172E-47D7-9D03-66B5EA0EFA1F}.Debug|Mixed Platforms.Build.0 = Debug|Any CPU
		{DB7AE0FD-172E-47D7-9D03-66B5EA0EFA1F}.Debug|x86.ActiveCfg = Debug|Any CPU
		{DB7AE0FD-172E-47D7-9D03-66B5EA0EFA1F}.Release|Any CPU.ActiveCfg = Release|Any CPU
		{DB7AE0FD-172E-47D7-9D03-66B5EA0EFA1F}.Release|Any CPU.Build.0 = Release|Any CPU
		{DB7AE0FD-172E-47D7-9D03-66B5EA0EFA1F}.Release|Mixed Platforms.ActiveCfg = Release|Any CPU
		{DB7AE0FD-172E-47D7-9D03-66B5EA0EFA1F}.Release|Mixed Platforms.Build.0 = Release|Any CPU
		{DB7AE0FD-172E-47D7-9D03-66B5EA0EFA1F}.Release|x86.ActiveCfg = Release|Any CPU
		{9973513E-456B-4207-AB89-0E92AE0B26F3}.Debug|Any CPU.ActiveCfg = Debug|Any CPU
		{9973513E-456B-4207-AB89-0E92AE0B26F3}.Debug|Any CPU.Build.0 = Debug|Any CPU
		{9973513E-456B-4207-AB89-0E92AE0B26F3}.Debug|Mixed Platforms.ActiveCfg = Debug|Any CPU
		{9973513E-456B-4207-AB89-0E92AE0B26F3}.Debug|Mixed Platforms.Build.0 = Debug|Any CPU
		{9973513E-456B-4207-AB89-0E92AE0B26F3}.Debug|x86.ActiveCfg = Debug|Any CPU
		{9973513E-456B-4207-AB89-0E92AE0B26F3}.Release|Any CPU.ActiveCfg = Release|Any CPU
		{9973513E-456B-4207-AB89-0E92AE0B26F3}.Release|Any CPU.Build.0 = Release|Any CPU
		{9973513E-456B-4207-AB89-0E92AE0B26F3}.Release|Mixed Platforms.ActiveCfg = Release|Any CPU
		{9973513E-456B-4207-AB89-0E92AE0B26F3}.Release|Mixed Platforms.Build.0 = Release|Any CPU
		{9973513E-456B-4207-AB89-0E92AE0B26F3}.Release|x86.ActiveCfg = Release|Any CPU
		{99D49364-24C3-4ECE-B2E4-0B596ACDBFF4}.Debug|Any CPU.ActiveCfg = Debug|Any CPU
		{99D49364-24C3-4ECE-B2E4-0B596ACDBFF4}.Debug|Any CPU.Build.0 = Debug|Any CPU
		{99D49364-24C3-4ECE-B2E4-0B596ACDBFF4}.Debug|Mixed Platforms.ActiveCfg = Debug|Any CPU
		{99D49364-24C3-4ECE-B2E4-0B596ACDBFF4}.Debug|Mixed Platforms.Build.0 = Debug|Any CPU
		{99D49364-24C3-4ECE-B2E4-0B596ACDBFF4}.Debug|x86.ActiveCfg = Debug|Any CPU
		{99D49364-24C3-4ECE-B2E4-0B596ACDBFF4}.Release|Any CPU.ActiveCfg = Release|Any CPU
		{99D49364-24C3-4ECE-B2E4-0B596ACDBFF4}.Release|Any CPU.Build.0 = Release|Any CPU
		{99D49364-24C3-4ECE-B2E4-0B596ACDBFF4}.Release|Mixed Platforms.ActiveCfg = Release|Any CPU
		{99D49364-24C3-4ECE-B2E4-0B596ACDBFF4}.Release|Mixed Platforms.Build.0 = Release|Any CPU
		{99D49364-24C3-4ECE-B2E4-0B596ACDBFF4}.Release|x86.ActiveCfg = Release|Any CPU
	EndGlobalSection
	GlobalSection(SolutionProperties) = preSolution
		HideSolutionNode = FALSE
	EndGlobalSection
EndGlobal
