
Microsoft Visual Studio Solution File, Format Version 11.00
# Visual Studio 2010
Project("{FAE04EC0-301F-11D3-BF4B-00C04F79EFBC}") = "Ajit.DetectMyIp.Service", "Ajit.DetectMyIp.Service\Ajit.DetectMyIp.Service.csproj", "{89461EF6-518F-4898-8BD6-E53398C67ED4}"
EndProject
Project("{FAE04EC0-301F-11D3-BF4B-00C04F79EFBC}") = "Ajit.DetectMyIp", "Ajit.DetectMyIp\Ajit.DetectMyIp.csproj", "{38662C90-1EAC-4A9E-BCD2-0F6E1B3EA8C5}"
EndProject
Project("{930C7802-8A8C-48F9-8165-68863BCCD9DD}") = "Ajit.DetectMyIp.Service.Setup", "Ajit.DetectMyIp.Service.Setup\Ajit.DetectMyIp.Service.Setup.wixproj", "{3580EF9D-58A2-429B-A687-EC80C0FD31ED}"
EndProject
Project("{FAE04EC0-301F-11D3-BF4B-00C04F79EFBC}") = "Ajit.DetectMyIp.Test", "Ajit.DetectMyIp.Test\Ajit.DetectMyIp.Test.csproj", "{EC26B937-0F52-44E0-B989-AEB7B5DC4009}"
EndProject
Project("{2150E333-8FDC-42A3-9474-1A3956D46DE8}") = "Solution Items", "Solution Items", "{21FA9CCE-2571-4878-85E6-8A026F3E592F}"
	ProjectSection(SolutionItems) = preProject
		Ajit.DetectMyIp.Service.vsmdi = Ajit.DetectMyIp.Service.vsmdi
		Local.testsettings = Local.testsettings
		TraceAndTestImpact.testsettings = TraceAndTestImpact.testsettings
	EndProjectSection
EndProject
Global
	GlobalSection(TeamFoundationVersionControl) = preSolution
		SccNumberOfProjects = 5
		SccEnterpriseProvider = {4CA58AB2-18FA-4F8D-95D4-32DDF27D184C}
		SccTeamFoundationServer = https://ajitchahal.visualstudio.com/defaultcollection
		SccLocalPath0 = .
		SccProjectUniqueName1 = Ajit.DetectMyIp.Service.Setup\\Ajit.DetectMyIp.Service.Setup.wixproj
		SccProjectName1 = Ajit.DetectMyIp.Service.Setup
		SccLocalPath1 = Ajit.DetectMyIp.Service.Setup
		SccProjectUniqueName2 = Ajit.DetectMyIp.Service\\Ajit.DetectMyIp.Service.csproj
		SccProjectName2 = Ajit.DetectMyIp.Service
		SccLocalPath2 = Ajit.DetectMyIp.Service
		SccProjectUniqueName3 = Ajit.DetectMyIp.Test\\Ajit.DetectMyIp.Test.csproj
		SccProjectName3 = Ajit.DetectMyIp.Test
		SccLocalPath3 = Ajit.DetectMyIp.Test
		SccProjectUniqueName4 = Ajit.DetectMyIp\\Ajit.DetectMyIp.csproj
		SccProjectName4 = Ajit.DetectMyIp
		SccLocalPath4 = Ajit.DetectMyIp
	EndGlobalSection
	GlobalSection(TestCaseManagementSettings) = postSolution
		CategoryFile = Ajit.DetectMyIp.Service.vsmdi
	EndGlobalSection
	GlobalSection(SolutionConfigurationPlatforms) = preSolution
		Debug|Any CPU = Debug|Any CPU
		Debug|Mixed Platforms = Debug|Mixed Platforms
		Debug|x86 = Debug|x86
		Release|Any CPU = Release|Any CPU
		Release|Mixed Platforms = Release|Mixed Platforms
		Release|x86 = Release|x86
	EndGlobalSection
	GlobalSection(ProjectConfigurationPlatforms) = postSolution
		{89461EF6-518F-4898-8BD6-E53398C67ED4}.Debug|Any CPU.ActiveCfg = Debug|x86
		{89461EF6-518F-4898-8BD6-E53398C67ED4}.Debug|Mixed Platforms.ActiveCfg = Debug|x86
		{89461EF6-518F-4898-8BD6-E53398C67ED4}.Debug|Mixed Platforms.Build.0 = Debug|x86
		{89461EF6-518F-4898-8BD6-E53398C67ED4}.Debug|x86.ActiveCfg = Debug|x86
		{89461EF6-518F-4898-8BD6-E53398C67ED4}.Debug|x86.Build.0 = Debug|x86
		{89461EF6-518F-4898-8BD6-E53398C67ED4}.Release|Any CPU.ActiveCfg = Release|x86
		{89461EF6-518F-4898-8BD6-E53398C67ED4}.Release|Mixed Platforms.ActiveCfg = Release|x86
		{89461EF6-518F-4898-8BD6-E53398C67ED4}.Release|Mixed Platforms.Build.0 = Release|x86
		{89461EF6-518F-4898-8BD6-E53398C67ED4}.Release|x86.ActiveCfg = Release|x86
		{89461EF6-518F-4898-8BD6-E53398C67ED4}.Release|x86.Build.0 = Release|x86
		{38662C90-1EAC-4A9E-BCD2-0F6E1B3EA8C5}.Debug|Any CPU.ActiveCfg = Debug|Any CPU
		{38662C90-1EAC-4A9E-BCD2-0F6E1B3EA8C5}.Debug|Any CPU.Build.0 = Debug|Any CPU
		{38662C90-1EAC-4A9E-BCD2-0F6E1B3EA8C5}.Debug|Mixed Platforms.ActiveCfg = Debug|Any CPU
		{38662C90-1EAC-4A9E-BCD2-0F6E1B3EA8C5}.Debug|Mixed Platforms.Build.0 = Debug|Any CPU
		{38662C90-1EAC-4A9E-BCD2-0F6E1B3EA8C5}.Debug|x86.ActiveCfg = Debug|Any CPU
		{38662C90-1EAC-4A9E-BCD2-0F6E1B3EA8C5}.Release|Any CPU.ActiveCfg = Release|Any CPU
		{38662C90-1EAC-4A9E-BCD2-0F6E1B3EA8C5}.Release|Any CPU.Build.0 = Release|Any CPU
		{38662C90-1EAC-4A9E-BCD2-0F6E1B3EA8C5}.Release|Mixed Platforms.ActiveCfg = Release|Any CPU
		{38662C90-1EAC-4A9E-BCD2-0F6E1B3EA8C5}.Release|Mixed Platforms.Build.0 = Release|Any CPU
		{38662C90-1EAC-4A9E-BCD2-0F6E1B3EA8C5}.Release|x86.ActiveCfg = Release|Any CPU
		{3580EF9D-58A2-429B-A687-EC80C0FD31ED}.Debug|Any CPU.ActiveCfg = Debug|x86
		{3580EF9D-58A2-429B-A687-EC80C0FD31ED}.Debug|Mixed Platforms.ActiveCfg = Debug|x86
		{3580EF9D-58A2-429B-A687-EC80C0FD31ED}.Debug|Mixed Platforms.Build.0 = Debug|x86
		{3580EF9D-58A2-429B-A687-EC80C0FD31ED}.Debug|x86.ActiveCfg = Debug|x86
		{3580EF9D-58A2-429B-A687-EC80C0FD31ED}.Debug|x86.Build.0 = Debug|x86
		{3580EF9D-58A2-429B-A687-EC80C0FD31ED}.Release|Any CPU.ActiveCfg = Release|x86
		{3580EF9D-58A2-429B-A687-EC80C0FD31ED}.Release|Mixed Platforms.ActiveCfg = Release|x86
		{3580EF9D-58A2-429B-A687-EC80C0FD31ED}.Release|Mixed Platforms.Build.0 = Release|x86
		{3580EF9D-58A2-429B-A687-EC80C0FD31ED}.Release|x86.ActiveCfg = Release|x86
		{3580EF9D-58A2-429B-A687-EC80C0FD31ED}.Release|x86.Build.0 = Release|x86
		{EC26B937-0F52-44E0-B989-AEB7B5DC4009}.Debug|Any CPU.ActiveCfg = Debug|Any CPU
		{EC26B937-0F52-44E0-B989-AEB7B5DC4009}.Debug|Any CPU.Build.0 = Debug|Any CPU
		{EC26B937-0F52-44E0-B989-AEB7B5DC4009}.Debug|Mixed Platforms.ActiveCfg = Debug|Any CPU
		{EC26B937-0F52-44E0-B989-AEB7B5DC4009}.Debug|Mixed Platforms.Build.0 = Debug|Any CPU
		{EC26B937-0F52-44E0-B989-AEB7B5DC4009}.Debug|x86.ActiveCfg = Debug|Any CPU
		{EC26B937-0F52-44E0-B989-AEB7B5DC4009}.Release|Any CPU.ActiveCfg = Release|Any CPU
		{EC26B937-0F52-44E0-B989-AEB7B5DC4009}.Release|Any CPU.Build.0 = Release|Any CPU
		{EC26B937-0F52-44E0-B989-AEB7B5DC4009}.Release|Mixed Platforms.ActiveCfg = Release|Any CPU
		{EC26B937-0F52-44E0-B989-AEB7B5DC4009}.Release|Mixed Platforms.Build.0 = Release|Any CPU
		{EC26B937-0F52-44E0-B989-AEB7B5DC4009}.Release|x86.ActiveCfg = Release|Any CPU
	EndGlobalSection
	GlobalSection(SolutionProperties) = preSolution
		HideSolutionNode = FALSE
	EndGlobalSection
EndGlobal
