
Microsoft Visual Studio Solution File, Format Version 11.00
# Visual Studio 2010
Project("{FAE04EC0-301F-11D3-BF4B-00C04F79EFBC}") = "CordovaStarterTest1", "CordovaStarterTest1\CordovaStarterTest1.csproj", "{8DAD20E3-CFB4-4EC0-AAF3-C80DD7D421A5}"
EndProject
Global
	GlobalSection(SolutionConfigurationPlatforms) = preSolution
		Debug|Any CPU = Debug|Any CPU
		Release|Any CPU = Release|Any CPU
	EndGlobalSection
	GlobalSection(ProjectConfigurationPlatforms) = postSolution
		{8DAD20E3-CFB4-4EC0-AAF3-C80DD7D421A5}.Debug|Any CPU.ActiveCfg = Debug|Any CPU
		{8DAD20E3-CFB4-4EC0-AAF3-C80DD7D421A5}.Debug|Any CPU.Build.0 = Debug|Any CPU
		{8DAD20E3-CFB4-4EC0-AAF3-C80DD7D421A5}.Debug|Any CPU.Deploy.0 = Debug|Any CPU
		{8DAD20E3-CFB4-4EC0-AAF3-C80DD7D421A5}.Release|Any CPU.ActiveCfg = Release|Any CPU
		{8DAD20E3-CFB4-4EC0-AAF3-C80DD7D421A5}.Release|Any CPU.Build.0 = Release|Any CPU
		{8DAD20E3-CFB4-4EC0-AAF3-C80DD7D421A5}.Release|Any CPU.Deploy.0 = Release|Any CPU
	EndGlobalSection
	GlobalSection(SolutionProperties) = preSolution
		HideSolutionNode = FALSE
	EndGlobalSection
EndGlobal
